
Microsoft Visual Studio Solution File, Format Version 12.00
# Visual Studio Version 17
VisualStudioVersion = 17.3.32901.215
MinimumVisualStudioVersion = 10.0.40219.1
Project("{FAE04EC0-301F-11D3-BF4B-00C04F79EFBC}") = "MigratoryBirds", "MigratoryBirds\MigratoryBirds.csproj", "{3E2523F1-A389-4458-9B0D-2B7A9E87263B}"
EndProject
Global
	GlobalSection(SolutionConfigurationPlatforms) = preSolution
		Debug|Any CPU = Debug|Any CPU
		Release|Any CPU = Release|Any CPU
	EndGlobalSection
	GlobalSection(ProjectConfigurationPlatforms) = postSolution
		{3E2523F1-A389-4458-9B0D-2B7A9E87263B}.Debug|Any CPU.ActiveCfg = Debug|Any CPU
		{3E2523F1-A389-4458-9B0D-2B7A9E87263B}.Debug|Any CPU.Build.0 = Debug|Any CPU
		{3E2523F1-A389-4458-9B0D-2B7A9E87263B}.Release|Any CPU.ActiveCfg = Release|Any CPU
		{3E2523F1-A389-4458-9B0D-2B7A9E87263B}.Release|Any CPU.Build.0 = Release|Any CPU
	EndGlobalSection
	GlobalSection(SolutionProperties) = preSolution
		HideSolutionNode = FALSE
	EndGlobalSection
	GlobalSection(ExtensibilityGlobals) = postSolution
		SolutionGuid = {6E299CD1-39FF-4FAC-A887-5BD00D670E41}
	EndGlobalSection
EndGlobal
