
Microsoft Visual Studio Solution File, Format Version 12.00
# Visual Studio Version 17
VisualStudioVersion = 17.3.32901.215
MinimumVisualStudioVersion = 10.0.40219.1
Project("{FAE04EC0-301F-11D3-BF4B-00C04F79EFBC}") = "DivisibleSumPairs", "DivisibleSumPairs\DivisibleSumPairs.csproj", "{5FFBA7CA-5D20-4576-8D5F-7D6DD3E71395}"
EndProject
Global
	GlobalSection(SolutionConfigurationPlatforms) = preSolution
		Debug|Any CPU = Debug|Any CPU
		Release|Any CPU = Release|Any CPU
	EndGlobalSection
	GlobalSection(ProjectConfigurationPlatforms) = postSolution
		{5FFBA7CA-5D20-4576-8D5F-7D6DD3E71395}.Debug|Any CPU.ActiveCfg = Debug|Any CPU
		{5FFBA7CA-5D20-4576-8D5F-7D6DD3E71395}.Debug|Any CPU.Build.0 = Debug|Any CPU
		{5FFBA7CA-5D20-4576-8D5F-7D6DD3E71395}.Release|Any CPU.ActiveCfg = Release|Any CPU
		{5FFBA7CA-5D20-4576-8D5F-7D6DD3E71395}.Release|Any CPU.Build.0 = Release|Any CPU
	EndGlobalSection
	GlobalSection(SolutionProperties) = preSolution
		HideSolutionNode = FALSE
	EndGlobalSection
	GlobalSection(ExtensibilityGlobals) = postSolution
		SolutionGuid = {12937C8F-45A6-4864-A5DB-E93756C5FFB2}
	EndGlobalSection
EndGlobal
