
Microsoft Visual Studio Solution File, Format Version 12.00
# Visual Studio Version 17
VisualStudioVersion = 17.3.32901.215
MinimumVisualStudioVersion = 10.0.40219.1
Project("{FAE04EC0-301F-11D3-BF4B-00C04F79EFBC}") = "Grading Students", "Grading Students\Grading Students.csproj", "{B2EBF884-E56E-4A97-9D4D-B04CBB2285D8}"
EndProject
Global
	GlobalSection(SolutionConfigurationPlatforms) = preSolution
		Debug|Any CPU = Debug|Any CPU
		Release|Any CPU = Release|Any CPU
	EndGlobalSection
	GlobalSection(ProjectConfigurationPlatforms) = postSolution
		{B2EBF884-E56E-4A97-9D4D-B04CBB2285D8}.Debug|Any CPU.ActiveCfg = Debug|Any CPU
		{B2EBF884-E56E-4A97-9D4D-B04CBB2285D8}.Debug|Any CPU.Build.0 = Debug|Any CPU
		{B2EBF884-E56E-4A97-9D4D-B04CBB2285D8}.Release|Any CPU.ActiveCfg = Release|Any CPU
		{B2EBF884-E56E-4A97-9D4D-B04CBB2285D8}.Release|Any CPU.Build.0 = Release|Any CPU
	EndGlobalSection
	GlobalSection(SolutionProperties) = preSolution
		HideSolutionNode = FALSE
	EndGlobalSection
	GlobalSection(ExtensibilityGlobals) = postSolution
		SolutionGuid = {5BAFF0A9-5651-4FFB-B747-CFEE6C655F63}
	EndGlobalSection
EndGlobal
