
Microsoft Visual Studio Solution File, Format Version 12.00
# Visual Studio Version 17
VisualStudioVersion = 17.3.32901.215
MinimumVisualStudioVersion = 10.0.40219.1
Project("{FAE04EC0-301F-11D3-BF4B-00C04F79EFBC}") = "MagicSquere", "MagicSquere\MagicSquere.csproj", "{C5DAE524-A510-4E6F-9EDF-01B672A199F0}"
EndProject
Global
	GlobalSection(SolutionConfigurationPlatforms) = preSolution
		Debug|Any CPU = Debug|Any CPU
		Release|Any CPU = Release|Any CPU
	EndGlobalSection
	GlobalSection(ProjectConfigurationPlatforms) = postSolution
		{C5DAE524-A510-4E6F-9EDF-01B672A199F0}.Debug|Any CPU.ActiveCfg = Debug|Any CPU
		{C5DAE524-A510-4E6F-9EDF-01B672A199F0}.Debug|Any CPU.Build.0 = Debug|Any CPU
		{C5DAE524-A510-4E6F-9EDF-01B672A199F0}.Release|Any CPU.ActiveCfg = Release|Any CPU
		{C5DAE524-A510-4E6F-9EDF-01B672A199F0}.Release|Any CPU.Build.0 = Release|Any CPU
	EndGlobalSection
	GlobalSection(SolutionProperties) = preSolution
		HideSolutionNode = FALSE
	EndGlobalSection
	GlobalSection(ExtensibilityGlobals) = postSolution
		SolutionGuid = {7D30A7A4-412E-4915-B53D-482FBB1062A3}
	EndGlobalSection
EndGlobal
