
Microsoft Visual Studio Solution File, Format Version 12.00
# Visual Studio Version 17
VisualStudioVersion = 17.3.32901.215
MinimumVisualStudioVersion = 10.0.40219.1
Project("{FAE04EC0-301F-11D3-BF4B-00C04F79EFBC}") = "ElectronicsShop", "ElectronicsShop\ElectronicsShop.csproj", "{234E45AF-0287-434C-AD88-E86F7B432E9A}"
EndProject
Global
	GlobalSection(SolutionConfigurationPlatforms) = preSolution
		Debug|Any CPU = Debug|Any CPU
		Release|Any CPU = Release|Any CPU
	EndGlobalSection
	GlobalSection(ProjectConfigurationPlatforms) = postSolution
		{234E45AF-0287-434C-AD88-E86F7B432E9A}.Debug|Any CPU.ActiveCfg = Debug|Any CPU
		{234E45AF-0287-434C-AD88-E86F7B432E9A}.Debug|Any CPU.Build.0 = Debug|Any CPU
		{234E45AF-0287-434C-AD88-E86F7B432E9A}.Release|Any CPU.ActiveCfg = Release|Any CPU
		{234E45AF-0287-434C-AD88-E86F7B432E9A}.Release|Any CPU.Build.0 = Release|Any CPU
	EndGlobalSection
	GlobalSection(SolutionProperties) = preSolution
		HideSolutionNode = FALSE
	EndGlobalSection
	GlobalSection(ExtensibilityGlobals) = postSolution
		SolutionGuid = {403A4EA5-C13E-423F-98BE-70706BDB623F}
	EndGlobalSection
EndGlobal
