
Microsoft Visual Studio Solution File, Format Version 12.00
# Visual Studio Version 17
VisualStudioVersion = 17.3.32901.215
MinimumVisualStudioVersion = 10.0.40219.1
Project("{FAE04EC0-301F-11D3-BF4B-00C04F79EFBC}") = "BuubleSort", "ConsoleApp15\BuubleSort.csproj", "{96FC9B1B-1BA1-4C82-9DA0-91ABF51712C9}"
EndProject
Global
	GlobalSection(SolutionConfigurationPlatforms) = preSolution
		Debug|Any CPU = Debug|Any CPU
		Release|Any CPU = Release|Any CPU
	EndGlobalSection
	GlobalSection(ProjectConfigurationPlatforms) = postSolution
		{96FC9B1B-1BA1-4C82-9DA0-91ABF51712C9}.Debug|Any CPU.ActiveCfg = Debug|Any CPU
		{96FC9B1B-1BA1-4C82-9DA0-91ABF51712C9}.Debug|Any CPU.Build.0 = Debug|Any CPU
		{96FC9B1B-1BA1-4C82-9DA0-91ABF51712C9}.Release|Any CPU.ActiveCfg = Release|Any CPU
		{96FC9B1B-1BA1-4C82-9DA0-91ABF51712C9}.Release|Any CPU.Build.0 = Release|Any CPU
	EndGlobalSection
	GlobalSection(SolutionProperties) = preSolution
		HideSolutionNode = FALSE
	EndGlobalSection
	GlobalSection(ExtensibilityGlobals) = postSolution
		SolutionGuid = {E7EA83D3-65CB-492A-8588-1E737766CFAF}
	EndGlobalSection
EndGlobal
